
Microsoft Visual Studio Solution File, Format Version 12.00
# Visual Studio Version 17
VisualStudioVersion = 17.4.33205.214
MinimumVisualStudioVersion = 10.0.40219.1
Project("{FAE04EC0-301F-11D3-BF4B-00C04F79EFBC}") = "Personel_Kayit_Projesi", "Personel_Kayit_Projesi\Personel_Kayit_Projesi.csproj", "{BCA163AF-C169-4DE0-931B-33047F7811E3}"
EndProject
Global
	GlobalSection(SolutionConfigurationPlatforms) = preSolution
		Debug|Any CPU = Debug|Any CPU
		Release|Any CPU = Release|Any CPU
	EndGlobalSection
	GlobalSection(ProjectConfigurationPlatforms) = postSolution
		{BCA163AF-C169-4DE0-931B-33047F7811E3}.Debug|Any CPU.ActiveCfg = Debug|Any CPU
		{BCA163AF-C169-4DE0-931B-33047F7811E3}.Debug|Any CPU.Build.0 = Debug|Any CPU
		{BCA163AF-C169-4DE0-931B-33047F7811E3}.Release|Any CPU.ActiveCfg = Release|Any CPU
		{BCA163AF-C169-4DE0-931B-33047F7811E3}.Release|Any CPU.Build.0 = Release|Any CPU
	EndGlobalSection
	GlobalSection(SolutionProperties) = preSolution
		HideSolutionNode = FALSE
	EndGlobalSection
	GlobalSection(ExtensibilityGlobals) = postSolution
		SolutionGuid = {9B9F5DB7-50E8-4D7C-BC1C-8E7784DF2B4B}
	EndGlobalSection
EndGlobal
