
Microsoft Visual Studio Solution File, Format Version 12.00
# Visual Studio Version 17
VisualStudioVersion = 17.4.33205.214
MinimumVisualStudioVersion = 10.0.40219.1
Project("{FAE04EC0-301F-11D3-BF4B-00C04F79EFBC}") = "Context_Menustrip_Kullanımı", "Context_Menustrip_Kullanımı\Context_Menustrip_Kullanımı.csproj", "{596A5717-9007-4F92-8BE8-7F258E239C02}"
EndProject
Global
	GlobalSection(SolutionConfigurationPlatforms) = preSolution
		Debug|Any CPU = Debug|Any CPU
		Release|Any CPU = Release|Any CPU
	EndGlobalSection
	GlobalSection(ProjectConfigurationPlatforms) = postSolution
		{596A5717-9007-4F92-8BE8-7F258E239C02}.Debug|Any CPU.ActiveCfg = Debug|Any CPU
		{596A5717-9007-4F92-8BE8-7F258E239C02}.Debug|Any CPU.Build.0 = Debug|Any CPU
		{596A5717-9007-4F92-8BE8-7F258E239C02}.Release|Any CPU.ActiveCfg = Release|Any CPU
		{596A5717-9007-4F92-8BE8-7F258E239C02}.Release|Any CPU.Build.0 = Release|Any CPU
	EndGlobalSection
	GlobalSection(SolutionProperties) = preSolution
		HideSolutionNode = FALSE
	EndGlobalSection
	GlobalSection(ExtensibilityGlobals) = postSolution
		SolutionGuid = {8B268F4C-6E23-465F-876D-EE7D73681E81}
	EndGlobalSection
EndGlobal
