
Microsoft Visual Studio Solution File, Format Version 12.00
# Visual Studio Version 17
VisualStudioVersion = 17.4.33205.214
MinimumVisualStudioVersion = 10.0.40219.1
Project("{FAE04EC0-301F-11D3-BF4B-00C04F79EFBC}") = "Sınıf_oluşturma_Nesne_Kavramı", "Sınıf_oluşturma_Nesne_Kavramı\Sınıf_oluşturma_Nesne_Kavramı.csproj", "{0C4AC9BC-C5D8-4CF6-B29F-97611C788924}"
EndProject
Global
	GlobalSection(SolutionConfigurationPlatforms) = preSolution
		Debug|Any CPU = Debug|Any CPU
		Release|Any CPU = Release|Any CPU
	EndGlobalSection
	GlobalSection(ProjectConfigurationPlatforms) = postSolution
		{0C4AC9BC-C5D8-4CF6-B29F-97611C788924}.Debug|Any CPU.ActiveCfg = Debug|Any CPU
		{0C4AC9BC-C5D8-4CF6-B29F-97611C788924}.Debug|Any CPU.Build.0 = Debug|Any CPU
		{0C4AC9BC-C5D8-4CF6-B29F-97611C788924}.Release|Any CPU.ActiveCfg = Release|Any CPU
		{0C4AC9BC-C5D8-4CF6-B29F-97611C788924}.Release|Any CPU.Build.0 = Release|Any CPU
	EndGlobalSection
	GlobalSection(SolutionProperties) = preSolution
		HideSolutionNode = FALSE
	EndGlobalSection
	GlobalSection(ExtensibilityGlobals) = postSolution
		SolutionGuid = {5ADA8998-809A-4A80-B6CA-5A09A48C3898}
	EndGlobalSection
EndGlobal
