
Microsoft Visual Studio Solution File, Format Version 12.00
# Visual Studio Version 17
VisualStudioVersion = 17.4.33205.214
MinimumVisualStudioVersion = 10.0.40219.1
Project("{FAE04EC0-301F-11D3-BF4B-00C04F79EFBC}") = "Karar_Yapilari_ile_Dongu_Kullanımı", "Karar_Yapilari_ile_Dongu_Kullanımı\Karar_Yapilari_ile_Dongu_Kullanımı.csproj", "{2A9EC899-978D-40B0-9A14-ADB4B6CB68E5}"
EndProject
Global
	GlobalSection(SolutionConfigurationPlatforms) = preSolution
		Debug|Any CPU = Debug|Any CPU
		Release|Any CPU = Release|Any CPU
	EndGlobalSection
	GlobalSection(ProjectConfigurationPlatforms) = postSolution
		{2A9EC899-978D-40B0-9A14-ADB4B6CB68E5}.Debug|Any CPU.ActiveCfg = Debug|Any CPU
		{2A9EC899-978D-40B0-9A14-ADB4B6CB68E5}.Debug|Any CPU.Build.0 = Debug|Any CPU
		{2A9EC899-978D-40B0-9A14-ADB4B6CB68E5}.Release|Any CPU.ActiveCfg = Release|Any CPU
		{2A9EC899-978D-40B0-9A14-ADB4B6CB68E5}.Release|Any CPU.Build.0 = Release|Any CPU
	EndGlobalSection
	GlobalSection(SolutionProperties) = preSolution
		HideSolutionNode = FALSE
	EndGlobalSection
	GlobalSection(ExtensibilityGlobals) = postSolution
		SolutionGuid = {4EC6BFCF-77A7-4570-8125-EAF2BA223478}
	EndGlobalSection
EndGlobal
