
Microsoft Visual Studio Solution File, Format Version 12.00
# Visual Studio Version 17
VisualStudioVersion = 17.4.33205.214
MinimumVisualStudioVersion = 10.0.40219.1
Project("{FAE04EC0-301F-11D3-BF4B-00C04F79EFBC}") = "Dizi_Elemanları_listeleme", "Dizi_Elemanları_listeleme\Dizi_Elemanları_listeleme.csproj", "{B18842AA-DE43-46BC-B2E4-59577B37744B}"
EndProject
Global
	GlobalSection(SolutionConfigurationPlatforms) = preSolution
		Debug|Any CPU = Debug|Any CPU
		Release|Any CPU = Release|Any CPU
	EndGlobalSection
	GlobalSection(ProjectConfigurationPlatforms) = postSolution
		{B18842AA-DE43-46BC-B2E4-59577B37744B}.Debug|Any CPU.ActiveCfg = Debug|Any CPU
		{B18842AA-DE43-46BC-B2E4-59577B37744B}.Debug|Any CPU.Build.0 = Debug|Any CPU
		{B18842AA-DE43-46BC-B2E4-59577B37744B}.Release|Any CPU.ActiveCfg = Release|Any CPU
		{B18842AA-DE43-46BC-B2E4-59577B37744B}.Release|Any CPU.Build.0 = Release|Any CPU
	EndGlobalSection
	GlobalSection(SolutionProperties) = preSolution
		HideSolutionNode = FALSE
	EndGlobalSection
	GlobalSection(ExtensibilityGlobals) = postSolution
		SolutionGuid = {855059BE-67F3-4161-881A-5BE0D63A4DE9}
	EndGlobalSection
EndGlobal
