
Microsoft Visual Studio Solution File, Format Version 12.00
# Visual Studio Version 17
VisualStudioVersion = 17.4.33205.214
MinimumVisualStudioVersion = 10.0.40219.1
Project("{FAE04EC0-301F-11D3-BF4B-00C04F79EFBC}") = "Switch_case yapısı", "Switch_case yapısı\Switch_case yapısı.csproj", "{A2A5EEFE-15BF-48D6-AB56-A1F1CD50FD4E}"
EndProject
Global
	GlobalSection(SolutionConfigurationPlatforms) = preSolution
		Debug|Any CPU = Debug|Any CPU
		Release|Any CPU = Release|Any CPU
	EndGlobalSection
	GlobalSection(ProjectConfigurationPlatforms) = postSolution
		{A2A5EEFE-15BF-48D6-AB56-A1F1CD50FD4E}.Debug|Any CPU.ActiveCfg = Debug|Any CPU
		{A2A5EEFE-15BF-48D6-AB56-A1F1CD50FD4E}.Debug|Any CPU.Build.0 = Debug|Any CPU
		{A2A5EEFE-15BF-48D6-AB56-A1F1CD50FD4E}.Release|Any CPU.ActiveCfg = Release|Any CPU
		{A2A5EEFE-15BF-48D6-AB56-A1F1CD50FD4E}.Release|Any CPU.Build.0 = Release|Any CPU
	EndGlobalSection
	GlobalSection(SolutionProperties) = preSolution
		HideSolutionNode = FALSE
	EndGlobalSection
	GlobalSection(ExtensibilityGlobals) = postSolution
		SolutionGuid = {4C9B2F1A-F6F0-44F2-9AE5-949B661C084A}
	EndGlobalSection
EndGlobal
