
Microsoft Visual Studio Solution File, Format Version 12.00
# Visual Studio Version 17
VisualStudioVersion = 17.4.33205.214
MinimumVisualStudioVersion = 10.0.40219.1
Project("{FAE04EC0-301F-11D3-BF4B-00C04F79EFBC}") = "For_dongusu", "For_dongusu\For_dongusu.csproj", "{DA4E020C-4720-4F41-A9AE-69EA0222BD47}"
EndProject
Global
	GlobalSection(SolutionConfigurationPlatforms) = preSolution
		Debug|Any CPU = Debug|Any CPU
		Release|Any CPU = Release|Any CPU
	EndGlobalSection
	GlobalSection(ProjectConfigurationPlatforms) = postSolution
		{DA4E020C-4720-4F41-A9AE-69EA0222BD47}.Debug|Any CPU.ActiveCfg = Debug|Any CPU
		{DA4E020C-4720-4F41-A9AE-69EA0222BD47}.Debug|Any CPU.Build.0 = Debug|Any CPU
		{DA4E020C-4720-4F41-A9AE-69EA0222BD47}.Release|Any CPU.ActiveCfg = Release|Any CPU
		{DA4E020C-4720-4F41-A9AE-69EA0222BD47}.Release|Any CPU.Build.0 = Release|Any CPU
	EndGlobalSection
	GlobalSection(SolutionProperties) = preSolution
		HideSolutionNode = FALSE
	EndGlobalSection
	GlobalSection(ExtensibilityGlobals) = postSolution
		SolutionGuid = {2C1DA2D3-3246-4226-BAC8-13CB92EF17BF}
	EndGlobalSection
EndGlobal
