
Microsoft Visual Studio Solution File, Format Version 12.00
# Visual Studio Version 17
VisualStudioVersion = 17.4.33205.214
MinimumVisualStudioVersion = 10.0.40219.1
Project("{FAE04EC0-301F-11D3-BF4B-00C04F79EFBC}") = "Captcha_Random_Uygulaması", "Captcha_Random_Uygulaması\Captcha_Random_Uygulaması.csproj", "{457E6B37-7368-4346-98EB-0AAA724CB82A}"
EndProject
Global
	GlobalSection(SolutionConfigurationPlatforms) = preSolution
		Debug|Any CPU = Debug|Any CPU
		Release|Any CPU = Release|Any CPU
	EndGlobalSection
	GlobalSection(ProjectConfigurationPlatforms) = postSolution
		{457E6B37-7368-4346-98EB-0AAA724CB82A}.Debug|Any CPU.ActiveCfg = Debug|Any CPU
		{457E6B37-7368-4346-98EB-0AAA724CB82A}.Debug|Any CPU.Build.0 = Debug|Any CPU
		{457E6B37-7368-4346-98EB-0AAA724CB82A}.Release|Any CPU.ActiveCfg = Release|Any CPU
		{457E6B37-7368-4346-98EB-0AAA724CB82A}.Release|Any CPU.Build.0 = Release|Any CPU
	EndGlobalSection
	GlobalSection(SolutionProperties) = preSolution
		HideSolutionNode = FALSE
	EndGlobalSection
	GlobalSection(ExtensibilityGlobals) = postSolution
		SolutionGuid = {94ED4EE5-4344-419E-8F01-636B6D9549B9}
	EndGlobalSection
EndGlobal
