
Microsoft Visual Studio Solution File, Format Version 12.00
# Visual Studio Version 17
VisualStudioVersion = 17.4.33205.214
MinimumVisualStudioVersion = 10.0.40219.1
Project("{FAE04EC0-301F-11D3-BF4B-00C04F79EFBC}") = "Double degiskenler", "Double degiskenler\Double degiskenler.csproj", "{D6B97D75-7145-4C80-8CA3-0D960699C0FA}"
EndProject
Global
	GlobalSection(SolutionConfigurationPlatforms) = preSolution
		Debug|Any CPU = Debug|Any CPU
		Release|Any CPU = Release|Any CPU
	EndGlobalSection
	GlobalSection(ProjectConfigurationPlatforms) = postSolution
		{D6B97D75-7145-4C80-8CA3-0D960699C0FA}.Debug|Any CPU.ActiveCfg = Debug|Any CPU
		{D6B97D75-7145-4C80-8CA3-0D960699C0FA}.Debug|Any CPU.Build.0 = Debug|Any CPU
		{D6B97D75-7145-4C80-8CA3-0D960699C0FA}.Release|Any CPU.ActiveCfg = Release|Any CPU
		{D6B97D75-7145-4C80-8CA3-0D960699C0FA}.Release|Any CPU.Build.0 = Release|Any CPU
	EndGlobalSection
	GlobalSection(SolutionProperties) = preSolution
		HideSolutionNode = FALSE
	EndGlobalSection
	GlobalSection(ExtensibilityGlobals) = postSolution
		SolutionGuid = {DFB9D6E7-DCDB-4779-A236-298A00861699}
	EndGlobalSection
EndGlobal
