
Microsoft Visual Studio Solution File, Format Version 12.00
# Visual Studio Version 17
VisualStudioVersion = 17.4.33205.214
MinimumVisualStudioVersion = 10.0.40219.1
Project("{FAE04EC0-301F-11D3-BF4B-00C04F79EFBC}") = "Dinamik_Araçlar", "Dinamik_Araçlar\Dinamik_Araçlar.csproj", "{D00FDF81-6964-4754-90F5-464AF924A8ED}"
EndProject
Global
	GlobalSection(SolutionConfigurationPlatforms) = preSolution
		Debug|Any CPU = Debug|Any CPU
		Release|Any CPU = Release|Any CPU
	EndGlobalSection
	GlobalSection(ProjectConfigurationPlatforms) = postSolution
		{D00FDF81-6964-4754-90F5-464AF924A8ED}.Debug|Any CPU.ActiveCfg = Debug|Any CPU
		{D00FDF81-6964-4754-90F5-464AF924A8ED}.Debug|Any CPU.Build.0 = Debug|Any CPU
		{D00FDF81-6964-4754-90F5-464AF924A8ED}.Release|Any CPU.ActiveCfg = Release|Any CPU
		{D00FDF81-6964-4754-90F5-464AF924A8ED}.Release|Any CPU.Build.0 = Release|Any CPU
	EndGlobalSection
	GlobalSection(SolutionProperties) = preSolution
		HideSolutionNode = FALSE
	EndGlobalSection
	GlobalSection(ExtensibilityGlobals) = postSolution
		SolutionGuid = {FB5B7741-74E8-4E34-8881-41F8F39BD6FF}
	EndGlobalSection
EndGlobal
